
Microsoft Visual Studio Solution File, Format Version 12.00
# Visual Studio 15
VisualStudioVersion = 15.0.27703.2047
MinimumVisualStudioVersion = 10.0.40219.1
Project("{FAE04EC0-301F-11D3-BF4B-00C04F79EFBC}") = "WordCount", "ConsoleApp7\WordCount.csproj", "{CCF097B7-A4EF-45F4-A051-F95E6387E7E0}"
EndProject
Global
	GlobalSection(SolutionConfigurationPlatforms) = preSolution
		Debug|Any CPU = Debug|Any CPU
		Release|Any CPU = Release|Any CPU
	EndGlobalSection
	GlobalSection(ProjectConfigurationPlatforms) = postSolution
		{CCF097B7-A4EF-45F4-A051-F95E6387E7E0}.Debug|Any CPU.ActiveCfg = Debug|Any CPU
		{CCF097B7-A4EF-45F4-A051-F95E6387E7E0}.Debug|Any CPU.Build.0 = Debug|Any CPU
		{CCF097B7-A4EF-45F4-A051-F95E6387E7E0}.Release|Any CPU.ActiveCfg = Release|Any CPU
		{CCF097B7-A4EF-45F4-A051-F95E6387E7E0}.Release|Any CPU.Build.0 = Release|Any CPU
	EndGlobalSection
	GlobalSection(SolutionProperties) = preSolution
		HideSolutionNode = FALSE
	EndGlobalSection
	GlobalSection(ExtensibilityGlobals) = postSolution
		SolutionGuid = {E46834E8-E8D0-49ED-AD95-982F2C15BB87}
	EndGlobalSection
EndGlobal
